
Microsoft Visual Studio Solution File, Format Version 12.00
# Visual Studio Version 16
VisualStudioVersion = 16.0.28803.202
MinimumVisualStudioVersion = 10.0.40219.1
Project("{FAE04EC0-301F-11D3-BF4B-00C04F79EFBC}") = "TechStudioTest", "CompanyCRUDExample\TechStudioTest.csproj", "{26091502-05D8-4CA3-B2BF-355DF365103B}"
EndProject
Global
	GlobalSection(SolutionConfigurationPlatforms) = preSolution
		Debug|Any CPU = Debug|Any CPU
		Release|Any CPU = Release|Any CPU
	EndGlobalSection
	GlobalSection(ProjectConfigurationPlatforms) = postSolution
		{26091502-05D8-4CA3-B2BF-355DF365103B}.Debug|Any CPU.ActiveCfg = Debug|Any CPU
		{26091502-05D8-4CA3-B2BF-355DF365103B}.Debug|Any CPU.Build.0 = Debug|Any CPU
		{26091502-05D8-4CA3-B2BF-355DF365103B}.Release|Any CPU.ActiveCfg = Release|Any CPU
		{26091502-05D8-4CA3-B2BF-355DF365103B}.Release|Any CPU.Build.0 = Release|Any CPU
	EndGlobalSection
	GlobalSection(SolutionProperties) = preSolution
		HideSolutionNode = FALSE
	EndGlobalSection
	GlobalSection(ExtensibilityGlobals) = postSolution
		SolutionGuid = {17E32FB0-2D29-4B73-8A74-F16444DD3EBE}
	EndGlobalSection
EndGlobal
